
Microsoft Visual Studio Solution File, Format Version 12.00
# Visual Studio Version 17
VisualStudioVersion = 17.0.31423.177
MinimumVisualStudioVersion = 10.0.40219.1
Project("{9A19103F-16F7-4668-BE54-9A1E7A4F7556}") = "n64aps", "n64aps\n64aps.csproj", "{76A00D61-D83B-4DBE-B0E9-70F45F5357DB}"
EndProject
Project("{2150E333-8FDC-42A3-9474-1A3956D46DE8}") = "Solution Items", "Solution Items", "{AF50FA45-2C41-4A31-902C-881BFD5B2307}"
	ProjectSection(SolutionItems) = preProject
		.editorconfig = .editorconfig
	EndProjectSection
EndProject
Global
	GlobalSection(SolutionConfigurationPlatforms) = preSolution
		Debug|Any CPU = Debug|Any CPU
		Release|Any CPU = Release|Any CPU
	EndGlobalSection
	GlobalSection(ProjectConfigurationPlatforms) = postSolution
		{76A00D61-D83B-4DBE-B0E9-70F45F5357DB}.Debug|Any CPU.ActiveCfg = Debug|Any CPU
		{76A00D61-D83B-4DBE-B0E9-70F45F5357DB}.Debug|Any CPU.Build.0 = Debug|Any CPU
		{76A00D61-D83B-4DBE-B0E9-70F45F5357DB}.Release|Any CPU.ActiveCfg = Release|Any CPU
		{76A00D61-D83B-4DBE-B0E9-70F45F5357DB}.Release|Any CPU.Build.0 = Release|Any CPU
	EndGlobalSection
	GlobalSection(SolutionProperties) = preSolution
		HideSolutionNode = FALSE
	EndGlobalSection
	GlobalSection(ExtensibilityGlobals) = postSolution
		SolutionGuid = {FE510673-665E-46B7-AF38-D1EAE5D9B254}
	EndGlobalSection
EndGlobal
